
Microsoft Visual Studio Solution File, Format Version 12.00
# Visual Studio 15
VisualStudioVersion = 15.0.27004.2006
MinimumVisualStudioVersion = 10.0.40219.1
Project("{9A19103F-16F7-4668-BE54-9A1E7A4F7556}") = "HandleInvalidModelState", "HandleInvalidModelState\HandleInvalidModelState.csproj", "{0B54EC03-F32E-4F4F-BD32-75E8386B8322}"
EndProject
Project("{9A19103F-16F7-4668-BE54-9A1E7A4F7556}") = "HandleInvalidModelState.Demo", "HandleInvalidModelState.Demo\HandleInvalidModelState.Demo.csproj", "{9086A87C-03DD-411E-AC5B-577A8E963726}"
EndProject
Global
	GlobalSection(SolutionConfigurationPlatforms) = preSolution
		Debug|Any CPU = Debug|Any CPU
		Release|Any CPU = Release|Any CPU
	EndGlobalSection
	GlobalSection(ProjectConfigurationPlatforms) = postSolution
		{0B54EC03-F32E-4F4F-BD32-75E8386B8322}.Debug|Any CPU.ActiveCfg = Debug|Any CPU
		{0B54EC03-F32E-4F4F-BD32-75E8386B8322}.Debug|Any CPU.Build.0 = Debug|Any CPU
		{0B54EC03-F32E-4F4F-BD32-75E8386B8322}.Release|Any CPU.ActiveCfg = Release|Any CPU
		{0B54EC03-F32E-4F4F-BD32-75E8386B8322}.Release|Any CPU.Build.0 = Release|Any CPU
		{9086A87C-03DD-411E-AC5B-577A8E963726}.Debug|Any CPU.ActiveCfg = Debug|Any CPU
		{9086A87C-03DD-411E-AC5B-577A8E963726}.Debug|Any CPU.Build.0 = Debug|Any CPU
		{9086A87C-03DD-411E-AC5B-577A8E963726}.Release|Any CPU.ActiveCfg = Release|Any CPU
		{9086A87C-03DD-411E-AC5B-577A8E963726}.Release|Any CPU.Build.0 = Release|Any CPU
	EndGlobalSection
	GlobalSection(SolutionProperties) = preSolution
		HideSolutionNode = FALSE
	EndGlobalSection
	GlobalSection(ExtensibilityGlobals) = postSolution
		SolutionGuid = {2FA2B65A-16B6-4078-94B4-C40BA339FEAF}
	EndGlobalSection
EndGlobal
